
Microsoft Visual Studio Solution File, Format Version 12.00
# Visual Studio Version 16
VisualStudioVersion = 16.0.31205.134
MinimumVisualStudioVersion = 10.0.40219.1
Project("{FAE04EC0-301F-11D3-BF4B-00C04F79EFBC}") = "TryCatch", "TryCatch\TryCatch.csproj", "{DDA245A3-4C7A-4B87-BCE4-F3761FAAFD5A}"
EndProject
Global
	GlobalSection(SolutionConfigurationPlatforms) = preSolution
		Debug|Any CPU = Debug|Any CPU
		Release|Any CPU = Release|Any CPU
	EndGlobalSection
	GlobalSection(ProjectConfigurationPlatforms) = postSolution
		{DDA245A3-4C7A-4B87-BCE4-F3761FAAFD5A}.Debug|Any CPU.ActiveCfg = Debug|Any CPU
		{DDA245A3-4C7A-4B87-BCE4-F3761FAAFD5A}.Debug|Any CPU.Build.0 = Debug|Any CPU
		{DDA245A3-4C7A-4B87-BCE4-F3761FAAFD5A}.Release|Any CPU.ActiveCfg = Release|Any CPU
		{DDA245A3-4C7A-4B87-BCE4-F3761FAAFD5A}.Release|Any CPU.Build.0 = Release|Any CPU
	EndGlobalSection
	GlobalSection(SolutionProperties) = preSolution
		HideSolutionNode = FALSE
	EndGlobalSection
	GlobalSection(ExtensibilityGlobals) = postSolution
		SolutionGuid = {0C6F4136-5E09-4EDD-B4B9-1E2B842A399A}
	EndGlobalSection
EndGlobal
